
Microsoft Visual Studio Solution File, Format Version 12.00
# Visual Studio 15
VisualStudioVersion = 15.0.26403.0
MinimumVisualStudioVersion = 10.0.40219.1
Project("{2150E333-8FDC-42A3-9474-1A3956D46DE8}") = ".nuget", ".nuget", "{C31FD192-2550-4CD1-90B5-143D61D83F8A}"
	ProjectSection(SolutionItems) = preProject
		.nuget\NuGet.Config = .nuget\NuGet.Config
		.nuget\NuGet.exe = .nuget\NuGet.exe
		.nuget\NuGet.targets = .nuget\NuGet.targets
	EndProjectSection
EndProject
Project("{2150E333-8FDC-42A3-9474-1A3956D46DE8}") = "NuGet", "NuGet", "{AEFFFBCB-25A7-4B27-8C5D-DFB05C310DC0}"
EndProject
Project("{FAE04EC0-301F-11D3-BF4B-00C04F79EFBC}") = "UnitTestHelpers", "UnitTestHelpers\UnitTestHelpers.csproj", "{A589A7BA-9E16-4AE4-B01C-8D6B0AA9CFF8}"
EndProject
Project("{2150E333-8FDC-42A3-9474-1A3956D46DE8}") = "Examples", "Examples", "{532EAE3F-2E96-4088-98C7-DC0CAA72851D}"
EndProject
Project("{2150E333-8FDC-42A3-9474-1A3956D46DE8}") = "BingGeoCoder", "BingGeoCoder", "{C79788B3-F9B5-4E4E-BF1A-159F63F7A918}"
EndProject
Project("{FAE04EC0-301F-11D3-BF4B-00C04F79EFBC}") = "BingGeoCoder.Client", "Examples\BingGeoCoder\BingGeoCoder.Client\BingGeoCoder.Client.csproj", "{C68D630B-DEB6-452B-BDBC-47EA3CD84BEF}"
EndProject
Project("{FAE04EC0-301F-11D3-BF4B-00C04F79EFBC}") = "BingGeoCoder.Client.UnitTests", "Examples\BingGeoCoder\BingGeoCoder.Client.UnitTests\BingGeoCoder.Client.UnitTests.csproj", "{55179FB2-B7BB-4456-B801-3A246D919040}"
EndProject
Project("{2150E333-8FDC-42A3-9474-1A3956D46DE8}") = "Solution Items", "Solution Items", "{2F3C51BE-1A8E-408E-B3C3-376636C91053}"
	ProjectSection(SolutionItems) = preProject
		PackageInfo.cs = PackageInfo.cs
		README.md = README.md
	EndProjectSection
EndProject
Project("{FAE04EC0-301F-11D3-BF4B-00C04F79EFBC}") = "FakeHttp.NuGet", "FakeHttp.NuGet\FakeHttp.NuGet.csproj", "{0451BAEF-DF2E-4B98-8644-94EE9415E389}"
EndProject
Project("{FAE04EC0-301F-11D3-BF4B-00C04F79EFBC}") = "FakeHttp.UnitTests", "FakeHttp.UnitTests\FakeHttp.UnitTests.csproj", "{2617C307-009D-4291-BCE2-A8433E46D92F}"
EndProject
Project("{9A19103F-16F7-4668-BE54-9A1E7A4F7556}") = "FakeHttp.NetStandard", "FakeHttp.NetStandard\FakeHttp.NetStandard.csproj", "{6D1F3255-F32F-476A-A332-7B8756364B26}"
EndProject
Global
	GlobalSection(SolutionConfigurationPlatforms) = preSolution
		Debug|Any CPU = Debug|Any CPU
		Debug|ARM = Debug|ARM
		Debug|x64 = Debug|x64
		Debug|x86 = Debug|x86
		Release|Any CPU = Release|Any CPU
		Release|ARM = Release|ARM
		Release|x64 = Release|x64
		Release|x86 = Release|x86
	EndGlobalSection
	GlobalSection(ProjectConfigurationPlatforms) = postSolution
		{A589A7BA-9E16-4AE4-B01C-8D6B0AA9CFF8}.Debug|Any CPU.ActiveCfg = Debug|Any CPU
		{A589A7BA-9E16-4AE4-B01C-8D6B0AA9CFF8}.Debug|Any CPU.Build.0 = Debug|Any CPU
		{A589A7BA-9E16-4AE4-B01C-8D6B0AA9CFF8}.Debug|ARM.ActiveCfg = Debug|Any CPU
		{A589A7BA-9E16-4AE4-B01C-8D6B0AA9CFF8}.Debug|x64.ActiveCfg = Debug|Any CPU
		{A589A7BA-9E16-4AE4-B01C-8D6B0AA9CFF8}.Debug|x86.ActiveCfg = Debug|Any CPU
		{A589A7BA-9E16-4AE4-B01C-8D6B0AA9CFF8}.Release|Any CPU.ActiveCfg = Release|Any CPU
		{A589A7BA-9E16-4AE4-B01C-8D6B0AA9CFF8}.Release|Any CPU.Build.0 = Release|Any CPU
		{A589A7BA-9E16-4AE4-B01C-8D6B0AA9CFF8}.Release|ARM.ActiveCfg = Release|Any CPU
		{A589A7BA-9E16-4AE4-B01C-8D6B0AA9CFF8}.Release|x64.ActiveCfg = Release|Any CPU
		{A589A7BA-9E16-4AE4-B01C-8D6B0AA9CFF8}.Release|x86.ActiveCfg = Release|Any CPU
		{C68D630B-DEB6-452B-BDBC-47EA3CD84BEF}.Debug|Any CPU.ActiveCfg = Debug|Any CPU
		{C68D630B-DEB6-452B-BDBC-47EA3CD84BEF}.Debug|Any CPU.Build.0 = Debug|Any CPU
		{C68D630B-DEB6-452B-BDBC-47EA3CD84BEF}.Debug|ARM.ActiveCfg = Debug|Any CPU
		{C68D630B-DEB6-452B-BDBC-47EA3CD84BEF}.Debug|x64.ActiveCfg = Debug|Any CPU
		{C68D630B-DEB6-452B-BDBC-47EA3CD84BEF}.Debug|x86.ActiveCfg = Debug|Any CPU
		{C68D630B-DEB6-452B-BDBC-47EA3CD84BEF}.Release|Any CPU.ActiveCfg = Release|Any CPU
		{C68D630B-DEB6-452B-BDBC-47EA3CD84BEF}.Release|Any CPU.Build.0 = Release|Any CPU
		{C68D630B-DEB6-452B-BDBC-47EA3CD84BEF}.Release|ARM.ActiveCfg = Release|Any CPU
		{C68D630B-DEB6-452B-BDBC-47EA3CD84BEF}.Release|x64.ActiveCfg = Release|Any CPU
		{C68D630B-DEB6-452B-BDBC-47EA3CD84BEF}.Release|x86.ActiveCfg = Release|Any CPU
		{55179FB2-B7BB-4456-B801-3A246D919040}.Debug|Any CPU.ActiveCfg = Debug|Any CPU
		{55179FB2-B7BB-4456-B801-3A246D919040}.Debug|Any CPU.Build.0 = Debug|Any CPU
		{55179FB2-B7BB-4456-B801-3A246D919040}.Debug|ARM.ActiveCfg = Debug|Any CPU
		{55179FB2-B7BB-4456-B801-3A246D919040}.Debug|x64.ActiveCfg = Debug|Any CPU
		{55179FB2-B7BB-4456-B801-3A246D919040}.Debug|x86.ActiveCfg = Debug|Any CPU
		{55179FB2-B7BB-4456-B801-3A246D919040}.Release|Any CPU.ActiveCfg = Release|Any CPU
		{55179FB2-B7BB-4456-B801-3A246D919040}.Release|Any CPU.Build.0 = Release|Any CPU
		{55179FB2-B7BB-4456-B801-3A246D919040}.Release|ARM.ActiveCfg = Release|Any CPU
		{55179FB2-B7BB-4456-B801-3A246D919040}.Release|x64.ActiveCfg = Release|Any CPU
		{55179FB2-B7BB-4456-B801-3A246D919040}.Release|x86.ActiveCfg = Release|Any CPU
		{0451BAEF-DF2E-4B98-8644-94EE9415E389}.Debug|Any CPU.ActiveCfg = Debug|Any CPU
		{0451BAEF-DF2E-4B98-8644-94EE9415E389}.Debug|ARM.ActiveCfg = Debug|Any CPU
		{0451BAEF-DF2E-4B98-8644-94EE9415E389}.Debug|ARM.Build.0 = Debug|Any CPU
		{0451BAEF-DF2E-4B98-8644-94EE9415E389}.Debug|x64.ActiveCfg = Debug|Any CPU
		{0451BAEF-DF2E-4B98-8644-94EE9415E389}.Debug|x64.Build.0 = Debug|Any CPU
		{0451BAEF-DF2E-4B98-8644-94EE9415E389}.Debug|x86.ActiveCfg = Debug|Any CPU
		{0451BAEF-DF2E-4B98-8644-94EE9415E389}.Debug|x86.Build.0 = Debug|Any CPU
		{0451BAEF-DF2E-4B98-8644-94EE9415E389}.Release|Any CPU.ActiveCfg = Release|Any CPU
		{0451BAEF-DF2E-4B98-8644-94EE9415E389}.Release|ARM.ActiveCfg = Release|Any CPU
		{0451BAEF-DF2E-4B98-8644-94EE9415E389}.Release|ARM.Build.0 = Release|Any CPU
		{0451BAEF-DF2E-4B98-8644-94EE9415E389}.Release|x64.ActiveCfg = Release|Any CPU
		{0451BAEF-DF2E-4B98-8644-94EE9415E389}.Release|x64.Build.0 = Release|Any CPU
		{0451BAEF-DF2E-4B98-8644-94EE9415E389}.Release|x86.ActiveCfg = Release|Any CPU
		{0451BAEF-DF2E-4B98-8644-94EE9415E389}.Release|x86.Build.0 = Release|Any CPU
		{2617C307-009D-4291-BCE2-A8433E46D92F}.Debug|Any CPU.ActiveCfg = Debug|Any CPU
		{2617C307-009D-4291-BCE2-A8433E46D92F}.Debug|Any CPU.Build.0 = Debug|Any CPU
		{2617C307-009D-4291-BCE2-A8433E46D92F}.Debug|ARM.ActiveCfg = Debug|Any CPU
		{2617C307-009D-4291-BCE2-A8433E46D92F}.Debug|ARM.Build.0 = Debug|Any CPU
		{2617C307-009D-4291-BCE2-A8433E46D92F}.Debug|x64.ActiveCfg = Debug|Any CPU
		{2617C307-009D-4291-BCE2-A8433E46D92F}.Debug|x64.Build.0 = Debug|Any CPU
		{2617C307-009D-4291-BCE2-A8433E46D92F}.Debug|x86.ActiveCfg = Debug|Any CPU
		{2617C307-009D-4291-BCE2-A8433E46D92F}.Debug|x86.Build.0 = Debug|Any CPU
		{2617C307-009D-4291-BCE2-A8433E46D92F}.Release|Any CPU.ActiveCfg = Release|Any CPU
		{2617C307-009D-4291-BCE2-A8433E46D92F}.Release|Any CPU.Build.0 = Release|Any CPU
		{2617C307-009D-4291-BCE2-A8433E46D92F}.Release|ARM.ActiveCfg = Release|Any CPU
		{2617C307-009D-4291-BCE2-A8433E46D92F}.Release|ARM.Build.0 = Release|Any CPU
		{2617C307-009D-4291-BCE2-A8433E46D92F}.Release|x64.ActiveCfg = Release|Any CPU
		{2617C307-009D-4291-BCE2-A8433E46D92F}.Release|x64.Build.0 = Release|Any CPU
		{2617C307-009D-4291-BCE2-A8433E46D92F}.Release|x86.ActiveCfg = Release|Any CPU
		{2617C307-009D-4291-BCE2-A8433E46D92F}.Release|x86.Build.0 = Release|Any CPU
		{6D1F3255-F32F-476A-A332-7B8756364B26}.Debug|Any CPU.ActiveCfg = Debug|Any CPU
		{6D1F3255-F32F-476A-A332-7B8756364B26}.Debug|Any CPU.Build.0 = Debug|Any CPU
		{6D1F3255-F32F-476A-A332-7B8756364B26}.Debug|ARM.ActiveCfg = Debug|Any CPU
		{6D1F3255-F32F-476A-A332-7B8756364B26}.Debug|ARM.Build.0 = Debug|Any CPU
		{6D1F3255-F32F-476A-A332-7B8756364B26}.Debug|x64.ActiveCfg = Debug|Any CPU
		{6D1F3255-F32F-476A-A332-7B8756364B26}.Debug|x64.Build.0 = Debug|Any CPU
		{6D1F3255-F32F-476A-A332-7B8756364B26}.Debug|x86.ActiveCfg = Debug|Any CPU
		{6D1F3255-F32F-476A-A332-7B8756364B26}.Debug|x86.Build.0 = Debug|Any CPU
		{6D1F3255-F32F-476A-A332-7B8756364B26}.Release|Any CPU.ActiveCfg = Release|Any CPU
		{6D1F3255-F32F-476A-A332-7B8756364B26}.Release|Any CPU.Build.0 = Release|Any CPU
		{6D1F3255-F32F-476A-A332-7B8756364B26}.Release|ARM.ActiveCfg = Release|Any CPU
		{6D1F3255-F32F-476A-A332-7B8756364B26}.Release|ARM.Build.0 = Release|Any CPU
		{6D1F3255-F32F-476A-A332-7B8756364B26}.Release|x64.ActiveCfg = Release|Any CPU
		{6D1F3255-F32F-476A-A332-7B8756364B26}.Release|x64.Build.0 = Release|Any CPU
		{6D1F3255-F32F-476A-A332-7B8756364B26}.Release|x86.ActiveCfg = Release|Any CPU
		{6D1F3255-F32F-476A-A332-7B8756364B26}.Release|x86.Build.0 = Release|Any CPU
	EndGlobalSection
	GlobalSection(SolutionProperties) = preSolution
		HideSolutionNode = FALSE
	EndGlobalSection
	GlobalSection(NestedProjects) = preSolution
		{C79788B3-F9B5-4E4E-BF1A-159F63F7A918} = {532EAE3F-2E96-4088-98C7-DC0CAA72851D}
		{C68D630B-DEB6-452B-BDBC-47EA3CD84BEF} = {C79788B3-F9B5-4E4E-BF1A-159F63F7A918}
		{55179FB2-B7BB-4456-B801-3A246D919040} = {C79788B3-F9B5-4E4E-BF1A-159F63F7A918}
		{0451BAEF-DF2E-4B98-8644-94EE9415E389} = {AEFFFBCB-25A7-4B27-8C5D-DFB05C310DC0}
	EndGlobalSection
EndGlobal
