
Microsoft Visual Studio Solution File, Format Version 12.00
# Visual Studio 15
VisualStudioVersion = 15.0.26403.7
MinimumVisualStudioVersion = 10.0.40219.1
Project("{FAE04EC0-301F-11D3-BF4B-00C04F79EFBC}") = "BingGeoCoder.Client", "BingGeoCoder\BingGeoCoder.Client\BingGeoCoder.Client.csproj", "{C68D630B-DEB6-452B-BDBC-47EA3CD84BEF}"
EndProject
Project("{FAE04EC0-301F-11D3-BF4B-00C04F79EFBC}") = "BingGeoCoder.Client.UnitTests", "BingGeoCoder\BingGeoCoder.Client.UnitTests\BingGeoCoder.Client.UnitTests.csproj", "{55179FB2-B7BB-4456-B801-3A246D919040}"
EndProject
Project("{FAE04EC0-301F-11D3-BF4B-00C04F79EFBC}") = "UnitTestHelpers", "..\UnitTestHelpers\UnitTestHelpers.csproj", "{A589A7BA-9E16-4AE4-B01C-8D6B0AA9CFF8}"
EndProject
Project("{FAE04EC0-301F-11D3-BF4B-00C04F79EFBC}") = "Locations", "Locations\Locations.csproj", "{87D28ED1-5047-49F8-BE34-1CDF75332E7F}"
EndProject
Project("{FAE04EC0-301F-11D3-BF4B-00C04F79EFBC}") = "ViewModelTests", "ViewModelTests\ViewModelTests.csproj", "{C1885615-7B0B-4C00-86D8-6CD872FA919F}"
EndProject
Global
	GlobalSection(SolutionConfigurationPlatforms) = preSolution
		Debug|Any CPU = Debug|Any CPU
		Debug|ARM = Debug|ARM
		Debug|x64 = Debug|x64
		Debug|x86 = Debug|x86
		Release|Any CPU = Release|Any CPU
		Release|ARM = Release|ARM
		Release|x64 = Release|x64
		Release|x86 = Release|x86
	EndGlobalSection
	GlobalSection(ProjectConfigurationPlatforms) = postSolution
		{C68D630B-DEB6-452B-BDBC-47EA3CD84BEF}.Debug|Any CPU.ActiveCfg = Debug|Any CPU
		{C68D630B-DEB6-452B-BDBC-47EA3CD84BEF}.Debug|Any CPU.Build.0 = Debug|Any CPU
		{C68D630B-DEB6-452B-BDBC-47EA3CD84BEF}.Debug|ARM.ActiveCfg = Debug|Any CPU
		{C68D630B-DEB6-452B-BDBC-47EA3CD84BEF}.Debug|ARM.Build.0 = Debug|Any CPU
		{C68D630B-DEB6-452B-BDBC-47EA3CD84BEF}.Debug|x64.ActiveCfg = Debug|Any CPU
		{C68D630B-DEB6-452B-BDBC-47EA3CD84BEF}.Debug|x64.Build.0 = Debug|Any CPU
		{C68D630B-DEB6-452B-BDBC-47EA3CD84BEF}.Debug|x86.ActiveCfg = Debug|Any CPU
		{C68D630B-DEB6-452B-BDBC-47EA3CD84BEF}.Debug|x86.Build.0 = Debug|Any CPU
		{C68D630B-DEB6-452B-BDBC-47EA3CD84BEF}.Release|Any CPU.ActiveCfg = Release|Any CPU
		{C68D630B-DEB6-452B-BDBC-47EA3CD84BEF}.Release|Any CPU.Build.0 = Release|Any CPU
		{C68D630B-DEB6-452B-BDBC-47EA3CD84BEF}.Release|ARM.ActiveCfg = Release|Any CPU
		{C68D630B-DEB6-452B-BDBC-47EA3CD84BEF}.Release|ARM.Build.0 = Release|Any CPU
		{C68D630B-DEB6-452B-BDBC-47EA3CD84BEF}.Release|x64.ActiveCfg = Release|Any CPU
		{C68D630B-DEB6-452B-BDBC-47EA3CD84BEF}.Release|x64.Build.0 = Release|Any CPU
		{C68D630B-DEB6-452B-BDBC-47EA3CD84BEF}.Release|x86.ActiveCfg = Release|Any CPU
		{C68D630B-DEB6-452B-BDBC-47EA3CD84BEF}.Release|x86.Build.0 = Release|Any CPU
		{55179FB2-B7BB-4456-B801-3A246D919040}.Debug|Any CPU.ActiveCfg = Debug|Any CPU
		{55179FB2-B7BB-4456-B801-3A246D919040}.Debug|Any CPU.Build.0 = Debug|Any CPU
		{55179FB2-B7BB-4456-B801-3A246D919040}.Debug|ARM.ActiveCfg = Debug|Any CPU
		{55179FB2-B7BB-4456-B801-3A246D919040}.Debug|ARM.Build.0 = Debug|Any CPU
		{55179FB2-B7BB-4456-B801-3A246D919040}.Debug|x64.ActiveCfg = Debug|Any CPU
		{55179FB2-B7BB-4456-B801-3A246D919040}.Debug|x64.Build.0 = Debug|Any CPU
		{55179FB2-B7BB-4456-B801-3A246D919040}.Debug|x86.ActiveCfg = Debug|Any CPU
		{55179FB2-B7BB-4456-B801-3A246D919040}.Debug|x86.Build.0 = Debug|Any CPU
		{55179FB2-B7BB-4456-B801-3A246D919040}.Release|Any CPU.ActiveCfg = Release|Any CPU
		{55179FB2-B7BB-4456-B801-3A246D919040}.Release|Any CPU.Build.0 = Release|Any CPU
		{55179FB2-B7BB-4456-B801-3A246D919040}.Release|ARM.ActiveCfg = Release|Any CPU
		{55179FB2-B7BB-4456-B801-3A246D919040}.Release|ARM.Build.0 = Release|Any CPU
		{55179FB2-B7BB-4456-B801-3A246D919040}.Release|x64.ActiveCfg = Release|Any CPU
		{55179FB2-B7BB-4456-B801-3A246D919040}.Release|x64.Build.0 = Release|Any CPU
		{55179FB2-B7BB-4456-B801-3A246D919040}.Release|x86.ActiveCfg = Release|Any CPU
		{55179FB2-B7BB-4456-B801-3A246D919040}.Release|x86.Build.0 = Release|Any CPU
		{A589A7BA-9E16-4AE4-B01C-8D6B0AA9CFF8}.Debug|Any CPU.ActiveCfg = Debug|Any CPU
		{A589A7BA-9E16-4AE4-B01C-8D6B0AA9CFF8}.Debug|Any CPU.Build.0 = Debug|Any CPU
		{A589A7BA-9E16-4AE4-B01C-8D6B0AA9CFF8}.Debug|ARM.ActiveCfg = Debug|Any CPU
		{A589A7BA-9E16-4AE4-B01C-8D6B0AA9CFF8}.Debug|ARM.Build.0 = Debug|Any CPU
		{A589A7BA-9E16-4AE4-B01C-8D6B0AA9CFF8}.Debug|x64.ActiveCfg = Debug|Any CPU
		{A589A7BA-9E16-4AE4-B01C-8D6B0AA9CFF8}.Debug|x64.Build.0 = Debug|Any CPU
		{A589A7BA-9E16-4AE4-B01C-8D6B0AA9CFF8}.Debug|x86.ActiveCfg = Debug|Any CPU
		{A589A7BA-9E16-4AE4-B01C-8D6B0AA9CFF8}.Debug|x86.Build.0 = Debug|Any CPU
		{A589A7BA-9E16-4AE4-B01C-8D6B0AA9CFF8}.Release|Any CPU.ActiveCfg = Release|Any CPU
		{A589A7BA-9E16-4AE4-B01C-8D6B0AA9CFF8}.Release|Any CPU.Build.0 = Release|Any CPU
		{A589A7BA-9E16-4AE4-B01C-8D6B0AA9CFF8}.Release|ARM.ActiveCfg = Release|Any CPU
		{A589A7BA-9E16-4AE4-B01C-8D6B0AA9CFF8}.Release|ARM.Build.0 = Release|Any CPU
		{A589A7BA-9E16-4AE4-B01C-8D6B0AA9CFF8}.Release|x64.ActiveCfg = Release|Any CPU
		{A589A7BA-9E16-4AE4-B01C-8D6B0AA9CFF8}.Release|x64.Build.0 = Release|Any CPU
		{A589A7BA-9E16-4AE4-B01C-8D6B0AA9CFF8}.Release|x86.ActiveCfg = Release|Any CPU
		{A589A7BA-9E16-4AE4-B01C-8D6B0AA9CFF8}.Release|x86.Build.0 = Release|Any CPU
		{87D28ED1-5047-49F8-BE34-1CDF75332E7F}.Debug|Any CPU.ActiveCfg = Debug|x64
		{87D28ED1-5047-49F8-BE34-1CDF75332E7F}.Debug|Any CPU.Build.0 = Debug|x64
		{87D28ED1-5047-49F8-BE34-1CDF75332E7F}.Debug|Any CPU.Deploy.0 = Debug|x64
		{87D28ED1-5047-49F8-BE34-1CDF75332E7F}.Debug|ARM.ActiveCfg = Debug|ARM
		{87D28ED1-5047-49F8-BE34-1CDF75332E7F}.Debug|ARM.Build.0 = Debug|ARM
		{87D28ED1-5047-49F8-BE34-1CDF75332E7F}.Debug|ARM.Deploy.0 = Debug|ARM
		{87D28ED1-5047-49F8-BE34-1CDF75332E7F}.Debug|x64.ActiveCfg = Debug|x64
		{87D28ED1-5047-49F8-BE34-1CDF75332E7F}.Debug|x64.Build.0 = Debug|x64
		{87D28ED1-5047-49F8-BE34-1CDF75332E7F}.Debug|x64.Deploy.0 = Debug|x64
		{87D28ED1-5047-49F8-BE34-1CDF75332E7F}.Debug|x86.ActiveCfg = Debug|x86
		{87D28ED1-5047-49F8-BE34-1CDF75332E7F}.Debug|x86.Build.0 = Debug|x86
		{87D28ED1-5047-49F8-BE34-1CDF75332E7F}.Debug|x86.Deploy.0 = Debug|x86
		{87D28ED1-5047-49F8-BE34-1CDF75332E7F}.Release|Any CPU.ActiveCfg = Release|x86
		{87D28ED1-5047-49F8-BE34-1CDF75332E7F}.Release|ARM.ActiveCfg = Release|ARM
		{87D28ED1-5047-49F8-BE34-1CDF75332E7F}.Release|ARM.Build.0 = Release|ARM
		{87D28ED1-5047-49F8-BE34-1CDF75332E7F}.Release|ARM.Deploy.0 = Release|ARM
		{87D28ED1-5047-49F8-BE34-1CDF75332E7F}.Release|x64.ActiveCfg = Release|x64
		{87D28ED1-5047-49F8-BE34-1CDF75332E7F}.Release|x64.Build.0 = Release|x64
		{87D28ED1-5047-49F8-BE34-1CDF75332E7F}.Release|x64.Deploy.0 = Release|x64
		{87D28ED1-5047-49F8-BE34-1CDF75332E7F}.Release|x86.ActiveCfg = Release|x86
		{87D28ED1-5047-49F8-BE34-1CDF75332E7F}.Release|x86.Build.0 = Release|x86
		{87D28ED1-5047-49F8-BE34-1CDF75332E7F}.Release|x86.Deploy.0 = Release|x86
		{C1885615-7B0B-4C00-86D8-6CD872FA919F}.Debug|Any CPU.ActiveCfg = Debug|x86
		{C1885615-7B0B-4C00-86D8-6CD872FA919F}.Debug|ARM.ActiveCfg = Debug|ARM
		{C1885615-7B0B-4C00-86D8-6CD872FA919F}.Debug|ARM.Build.0 = Debug|ARM
		{C1885615-7B0B-4C00-86D8-6CD872FA919F}.Debug|ARM.Deploy.0 = Debug|ARM
		{C1885615-7B0B-4C00-86D8-6CD872FA919F}.Debug|x64.ActiveCfg = Debug|x64
		{C1885615-7B0B-4C00-86D8-6CD872FA919F}.Debug|x64.Build.0 = Debug|x64
		{C1885615-7B0B-4C00-86D8-6CD872FA919F}.Debug|x64.Deploy.0 = Debug|x64
		{C1885615-7B0B-4C00-86D8-6CD872FA919F}.Debug|x86.ActiveCfg = Debug|x86
		{C1885615-7B0B-4C00-86D8-6CD872FA919F}.Debug|x86.Build.0 = Debug|x86
		{C1885615-7B0B-4C00-86D8-6CD872FA919F}.Debug|x86.Deploy.0 = Debug|x86
		{C1885615-7B0B-4C00-86D8-6CD872FA919F}.Release|Any CPU.ActiveCfg = Release|x86
		{C1885615-7B0B-4C00-86D8-6CD872FA919F}.Release|ARM.ActiveCfg = Release|ARM
		{C1885615-7B0B-4C00-86D8-6CD872FA919F}.Release|ARM.Build.0 = Release|ARM
		{C1885615-7B0B-4C00-86D8-6CD872FA919F}.Release|ARM.Deploy.0 = Release|ARM
		{C1885615-7B0B-4C00-86D8-6CD872FA919F}.Release|x64.ActiveCfg = Release|x64
		{C1885615-7B0B-4C00-86D8-6CD872FA919F}.Release|x64.Build.0 = Release|x64
		{C1885615-7B0B-4C00-86D8-6CD872FA919F}.Release|x64.Deploy.0 = Release|x64
		{C1885615-7B0B-4C00-86D8-6CD872FA919F}.Release|x86.ActiveCfg = Release|x86
		{C1885615-7B0B-4C00-86D8-6CD872FA919F}.Release|x86.Build.0 = Release|x86
		{C1885615-7B0B-4C00-86D8-6CD872FA919F}.Release|x86.Deploy.0 = Release|x86
	EndGlobalSection
	GlobalSection(SolutionProperties) = preSolution
		HideSolutionNode = FALSE
	EndGlobalSection
EndGlobal
